version = 1
revision = 3
requires-python = "==3.14.*"

[[package]]
name = "build-tools"
version = "0.1.0"
source = { editable = "." }
dependencies = [
    { name = "dacite" },
    { name = "nvidia-cutlass-dsl", extra = ["cu13"] },
    { name = "triton" },
]

[package.dev-dependencies]
dev = [
    { name = "pytest" },
    { name = "pytest-asyncio" },
    { name = "ruff" },
    { name = "ty" },
]

[package.metadata]
requires-dist = [
    { name = "dacite", specifier = ">=1.9.2" },
    { name = "nvidia-cutlass-dsl", extras = ["cu13"], specifier = "==4.6.2" },
    { name = "triton", specifier = "==3.8.0" },
]

[package.metadata.requires-dev]
dev = [
    { name = "pytest", specifier = ">=9.1.1" },
    { name = "pytest-asyncio", specifier = ">=1.4.0" },
    { name = "ruff", specifier = ">=0.13,<1" },
    { name = "ty", specifier = ">=0.0.61,<0.1" },
]

[[package]]
name = "colorama"
version = "0.4.6"
source = { registry = "https://pypi.org/simple" }
sdist = { url = "https://files.pythonhosted.org/packages/d8/53/6f443c9a4a8358a93a6792e2acffb9d9d5cb0a5cfd8802644b7b1c9a02e4/colorama-0.4.6.tar.gz", hash = "sha256:08695f5cb7ed6e0531a20572697297273c47b8cae5a63ffc6d6ed5c201be6e44", size = 27697, upload-time = "2022-10-25T02:36:22.414Z" }
wheels = [
    { url = "https://files.pythonhosted.org/packages/d1/d6/3965ed04c63042e047cb6a3e6ed1a63a35087b6a609aa3a15ed8ac56c221/colorama-0.4.6-py2.py3-none-any.whl", hash = "sha256:4f1d9991f5acc0ca119f9d443620b77f9d6b33703e51011c16baf57afb285fc6", size = 25335, upload-time = "2022-10-25T02:36:20.889Z" },
]

[[package]]
name = "cuda-bindings"
version = "13.4.2"
source = { registry = "https://pypi.org/simple" }
dependencies = [
    { name = "cuda-pathfinder" },
]
wheels = [
    { url = "https://files.pythonhosted.org/packages/1f/ab/48f1c0b541b8279d95ec1ed23ddb8a18899400d19da474b8c7d8b7c2e887/cuda_bindings-13.4.2-cp314-cp314-manylinux_2_24_aarch64.manylinux_2_28_aarch64.whl", hash = "sha256:82454da78ed5b0b820d4f73def297daeb3c159cb5ac5821adb9bcf313a188d91", size = 6406674, upload-time = "2026-09-17T22:06:20.144Z" },
    { url = "https://files.pythonhosted.org/packages/59/56/38d66cc53f4fd667f7314e212de24021c31c220adcbf98941442542a094f/cuda_bindings-13.4.2-cp314-cp314-manylinux_2_24_x86_64.manylinux_2_28_x86_64.whl", hash = "sha256:70cc99896a6f95f1956e177143653f9c4215b1d70aa886259e569209256c0fe8", size = 6972509, upload-time = "2026-09-17T22:06:22.425Z" },
    { url = "https://files.pythonhosted.org/packages/ad/38/8cca6f973d2e81b10c93370a8b9db6ebfc6b0fc29c0a225808d0125ba336/cuda_bindings-13.4.2-cp314-cp314-win_amd64.whl", hash = "sha256:7f112b717c8d15ffdf9e44e4d8725886a8b7fb95ee0a437fdc726c596fec5634", size = 6434161, upload-time = "2026-09-17T22:06:24.815Z" },
    { url = "https://files.pythonhosted.org/packages/f0/b1/d5584e19d3195c7dfb65e2ad751a90f6baa7c2f6b8bb9d45f46976bdd384/cuda_bindings-13.4.2-cp314-cp314-win_arm64.whl", hash = "sha256:fef0b46c1300597a6df319a457525b0f6e7dd4f59aa809a193fcfd7a26ee50f9", size = 5451098, upload-time = "2026-09-17T22:06:27.102Z" },
    { url = "https://files.pythonhosted.org/packages/30/fe/61e89d3531aebb68dd4738282f885d30ef4f3a8a866c6e25099e3b206a82/cuda_bindings-13.4.2-cp314-cp314t-manylinux_2_24_aarch64.manylinux_2_28_aarch64.whl", hash = "sha256:f8d58c37157b3c83a57546c6eca284c3b36c7552bbc3b285ab0a7ec8b2636afc", size = 6243193, upload-time = "2026-09-17T22:06:29.282Z" },
    { url = "https://files.pythonhosted.org/packages/9c/b2/e250cb921adf93d4611c540701efa5d44c6c324a3c2a46942811a9d36f61/cuda_bindings-13.4.2-cp314-cp314t-manylinux_2_24_x86_64.manylinux_2_28_x86_64.whl", hash = "sha256:11e8dadde03e8c00557d87c496e230aa196c03f68b89c375ed340fc4928e5190", size = 6803205, upload-time = "2026-09-17T22:06:31.584Z" },
    { url = "https://files.pythonhosted.org/packages/76/df/b678ae64ea30ddfa86b35fe1fd7174d4a5e7e36cba66ef5d1ebc26f0548b/cuda_bindings-13.4.2-cp314-cp314t-win_amd64.whl", hash = "sha256:df64af24ea9818147a58ea7647e3f684cbed6793baf1fbecfad1629038b8046f", size = 7332041, upload-time = "2026-09-17T22:06:33.871Z" },
    { url = "https://files.pythonhosted.org/packages/38/cd/e007b6d31094b15d790096560ff4c53e6cb67fbbfe8641b0282390e9d07d/cuda_bindings-13.4.2-cp314-cp314t-win_arm64.whl", hash = "sha256:b43902b9348f7a9ff5a5072854730182a4565dc05a031d0e2121aa9a4aa1a395", size = 5421923, upload-time = "2026-09-17T22:06:36.193Z" },
]

[[package]]
name = "cuda-core"
version = "1.2.0"
source = { registry = "https://pypi.org/simple" }
dependencies = [
    { name = "cuda-pathfinder" },
    { name = "numpy" },
]
wheels = [
    { url = "https://files.pythonhosted.org/packages/e0/7c/fd915c7f8cdb954744c1fda75fefa75a39e73508b6aae8ec7369800c8491/cuda_core-1.2.0-cp314-cp314-manylinux_2_24_aarch64.manylinux_2_28_aarch64.whl", hash = "sha256:4206c19f3c787c6dd4fdce3625e842686dc73ba665d46d16d6c57659a94db0ac", size = 6233228, upload-time = "2026-09-03T00:12:42.122Z" },
    { url = "https://files.pythonhosted.org/packages/76/69/2e255b5db595188ba12911fcd9efa45ccf71b02cd96809bc950923dc76d4/cuda_core-1.2.0-cp314-cp314-manylinux_2_24_x86_64.manylinux_2_28_x86_64.whl", hash = "sha256:e138be12af795c69c1cb61e38562ea70e5a38616b2753e2a265231f1941394ef", size = 6595561, upload-time = "2026-09-03T00:12:44.001Z" },
    { url = "https://files.pythonhosted.org/packages/16/c5/7d8a1d90071f5aac2a3bf11f1829535a60519a673809b5c3bc3cdb30df54/cuda_core-1.2.0-cp314-cp314-win_amd64.whl", hash = "sha256:419e884cbe26d85936c8ffea27865a6f2589677f34a81eecb0fe1ec3715c06a0", size = 6051744, upload-time = "2026-09-03T00:12:45.754Z" },
    { url = "https://files.pythonhosted.org/packages/e7/f3/22b67d9b035fb22d055a39ca21affc4246008da7e72aa024a8fd771b9990/cuda_core-1.2.0-cp314-cp314t-manylinux_2_24_aarch64.manylinux_2_28_aarch64.whl", hash = "sha256:c4228d27af1993f8516b51db6c74846ebd1f772bb34132ee721da61369b7febd", size = 6408313, upload-time = "2026-09-03T00:12:48.128Z" },
    { url = "https://files.pythonhosted.org/packages/a1/82/5edfcbff353cb4dedd13415e5793ca710b302a26f9ee9144d27e9a680bc1/cuda_core-1.2.0-cp314-cp314t-manylinux_2_24_x86_64.manylinux_2_28_x86_64.whl", hash = "sha256:ccfd9905e43dc5ef0f88e26a3e3f1509d84c0306710dec351c5ab1db0da5752e", size = 6683167, upload-time = "2026-09-03T00:12:50.178Z" },
    { url = "https://files.pythonhosted.org/packages/38/eb/30258a7fe759902f1603b960aaedd843666179e686d6ad47d04ba9914a1c/cuda_core-1.2.0-cp314-cp314t-win_amd64.whl", hash = "sha256:29ec78a8a45ad029e8d31b0ee67fe658964efc97a0176eb9d7ad354677116923", size = 6972170, upload-time = "2026-09-03T00:12:52.247Z" },
]

[[package]]
name = "cuda-pathfinder"
version = "1.8.2"
source = { registry = "https://pypi.org/simple" }
wheels = [
    { url = "https://files.pythonhosted.org/packages/98/59/239c7259e669c46ddbcac0aa60e3a0ef00bfeaaa687f905b24dd6a7a10fe/cuda_pathfinder-1.8.2-py3-none-any.whl", hash = "sha256:4e65059febdb4d19d5cbc4798677e19db2b582f2f702f457b609e571690d357e", size = 62551, upload-time = "2026-09-17T22:19:09.396Z" },
]

[[package]]
name = "cuda-python"
version = "13.4.1"
source = { registry = "https://pypi.org/simple" }
dependencies = [
    { name = "cuda-bindings" },
    { name = "cuda-core" },
    { name = "cuda-pathfinder" },
]
wheels = [
    { url = "https://files.pythonhosted.org/packages/67/83/34e195ac04461f021eb6f25e962c5d4633903a1d67f3d6f29b8bff218fe0/cuda_python-13.4.1-py3-none-any.whl", hash = "sha256:b6b114882beb8325139a318a02bcf8feb821dfd724f6f6104c262e2d1e2035ef", size = 7594, upload-time = "2026-09-10T01:10:12.556Z" },
]

[[package]]
name = "dacite"
version = "1.9.2"
source = { registry = "https://pypi.org/simple" }
sdist = { url = "https://files.pythonhosted.org/packages/55/a0/7ca79796e799a3e782045d29bf052b5cde7439a2bbb17f15ff44f7aacc63/dacite-1.9.2.tar.gz", hash = "sha256:6ccc3b299727c7aa17582f0021f6ae14d5de47c7227932c47fec4cdfefd26f09", size = 22420, upload-time = "2025-02-05T09:27:29.757Z" }
wheels = [
    { url = "https://files.pythonhosted.org/packages/94/35/386550fd60316d1e37eccdda609b074113298f23cef5bddb2049823fe666/dacite-1.9.2-py3-none-any.whl", hash = "sha256:053f7c3f5128ca2e9aceb66892b1a3c8936d02c686e707bee96e19deef4bc4a0", size = 16600, upload-time = "2025-02-05T09:27:24.345Z" },
]

[[package]]
name = "iniconfig"
version = "2.3.0"
source = { registry = "https://pypi.org/simple" }
sdist = { url = "https://files.pythonhosted.org/packages/72/34/14ca021ce8e5dfedc35312d08ba8bf51fdd999c576889fc2c24cb97f4f10/iniconfig-2.3.0.tar.gz", hash = "sha256:c76315c77db068650d49c5b56314774a7804df16fee4402c1f19d6d15d8c4730", size = 20503, upload-time = "2025-10-18T21:55:43.219Z" }
wheels = [
    { url = "https://files.pythonhosted.org/packages/cb/b1/3846dd7f199d53cb17f49cba7e651e9ce294d8497c8c150530ed11865bb8/iniconfig-2.3.0-py3-none-any.whl", hash = "sha256:f631c04d2c48c52b84d0d0549c99ff3859c98df65b3101406327ecc7d53fbf12", size = 7484, upload-time = "2025-10-18T21:55:41.639Z" },
]

[[package]]
name = "numpy"
version = "2.5.3"
source = { registry = "https://pypi.org/simple" }
sdist = { url = "https://files.pythonhosted.org/packages/13/01/11703282db468b85f6f7b8c7f22d058de5970d5c7e60a3a8aaa313c3de36/numpy-2.5.3.tar.gz", hash = "sha256:df2d5874ff183595a4ba404edd04f6bd9b5505c1d7708573f6a6c17489a67563", size = 20791231, upload-time = "2026-09-06T16:27:47.073Z" }
wheels = [
    { url = "https://files.pythonhosted.org/packages/70/78/cf416f15dc29375a229d9dfebf8db6e313f291580b39fa1a568b6052bb07/numpy-2.5.3-cp314-cp314-macosx_10_15_x86_64.whl", hash = "sha256:350ba9783ce969cf9f7ce6e6a9a58e1a6e2a19ca025b7ee448c4db727706212a", size = 16998686, upload-time = "2026-09-06T16:25:33.171Z" },
    { url = "https://files.pythonhosted.org/packages/9e/59/abcc2d8def4fd60eec7d87f92d27c13448ffd9ab14339bcc63a0d7a2fdea/numpy-2.5.3-cp314-cp314-macosx_11_0_arm64.whl", hash = "sha256:012e66aca395d795496446e52aeeb5866312a5d4d3f27da270e5a0b43f70dc5c", size = 12013862, upload-time = "2026-09-06T16:25:36.748Z" },
    { url = "https://files.pythonhosted.org/packages/94/75/4640d2d6e4b64a049e48425a82728a41ef4adb61332d2cba68055774878b/numpy-2.5.3-cp314-cp314-macosx_14_0_arm64.whl", hash = "sha256:adc1ada2662f8a5f960b8a10d9986897e7499ef07e06d4cfe7197f8cce923c07", size = 5449793, upload-time = "2026-09-06T16:25:39.476Z" },
    { url = "https://files.pythonhosted.org/packages/96/cd/625b57ae33d4ca560f32cc0b47b4a5922146d9beb998ddf773900d440a73/numpy-2.5.3-cp314-cp314-macosx_14_0_x86_64.whl", hash = "sha256:54a115e5a73b8fc44f0cebef486365a1894b5c9760685d4558b72b7c3eb846e0", size = 6785176, upload-time = "2026-09-06T16:25:42.069Z" },
    { url = "https://files.pythonhosted.org/packages/9c/72/12918652e7912ef9751e8694c88820fcd1908e0618cb23f5f3caa6004b7b/numpy-2.5.3-cp314-cp314-manylinux_2_27_aarch64.manylinux_2_28_aarch64.whl", hash = "sha256:be5a8381859b6da607c84f4f7d6847725f1cf1853ef8a2c9e115b7d58bef47dc", size = 15703377, upload-time = "2026-09-06T16:25:45.135Z" },
    { url = "https://files.pythonhosted.org/packages/45/8f/9beacf79ca7c650688ad0baa80931adb988fe6e6e5d5903c23cc3dbd70eb/numpy-2.5.3-cp314-cp314-manylinux_2_27_x86_64.manylinux_2_28_x86_64.whl", hash = "sha256:b0521d0f4aebb6e06189451025fa17a913287b13c03d5fe05c017333b654ea5b", size = 16711928, upload-time = "2026-09-06T16:25:48.461Z" },
    { url = "https://files.pythonhosted.org/packages/09/8d/41d0a56e1ac4c87495c897a211b1368691b7237aadabec8b3b8f3a74d48f/numpy-2.5.3-cp314-cp314-musllinux_1_2_aarch64.whl", hash = "sha256:9deb49575e5b0b94ed72c8a64ec4d033381adc27e9060ae842971f697ba96104", size = 17059507, upload-time = "2026-09-06T16:25:51.873Z" },
    { url = "https://files.pythonhosted.org/packages/08/1e/0dfbc5cc251d54e2af790f254d24ec38637fa97ec7d5d11de7ffed787098/numpy-2.5.3-cp314-cp314-musllinux_1_2_x86_64.whl", hash = "sha256:b00eefbcf0f292945c4b4dec2ae845389ef5bcdcd596e6e4328051db5b5ba694", size = 18471002, upload-time = "2026-09-06T16:25:55.233Z" },
    { url = "https://files.pythonhosted.org/packages/b5/2c/dfa40f6991f8185c8c30ffd023dfcbb11888e823cfab9557b920f3bb7bed/numpy-2.5.3-cp314-cp314-win32.whl", hash = "sha256:c2381f82999704f818e2c987a865050e285ec3621262c66d40f5a96c8f899f8e", size = 6180485, upload-time = "2026-09-06T16:25:58.157Z" },
    { url = "https://files.pythonhosted.org/packages/a4/73/d2c08231e4fde7e415501fd02c715d96e98599b2d8384445933944152984/numpy-2.5.3-cp314-cp314-win_amd64.whl", hash = "sha256:2c25dfa72943e4336ddb6b0ee4277b47a0c85bede0807530ec68103bf58e2c10", size = 12698179, upload-time = "2026-09-06T16:26:00.789Z" },
    { url = "https://files.pythonhosted.org/packages/5c/e9/dcdcc9b95cf5f49815055573aee1b11cfbf5299f38a180e437ded050810f/numpy-2.5.3-cp314-cp314-win_arm64.whl", hash = "sha256:15aa985ac73a8db02db7663381aa109510449d3819d37206caed27b33a65a8a6", size = 10769383, upload-time = "2026-09-06T16:26:04.011Z" },
    { url = "https://files.pythonhosted.org/packages/49/c4/af8bc08a7ef4e1529a7c0cf24969accce316b783999802089a581ec99272/numpy-2.5.3-cp314-cp314t-macosx_11_0_arm64.whl", hash = "sha256:ac7bb1c52d445bd4f8f7f97fefe6abc3a084dc4d63df50d79b17fa2b78e89297", size = 12132668, upload-time = "2026-09-06T16:26:07.138Z" },
    { url = "https://files.pythonhosted.org/packages/c5/ae/0f15eb56d4ec5e13c1f7ff04ff407f997d1acbadb45d3e1f2e2645a8f43c/numpy-2.5.3-cp314-cp314t-macosx_14_0_arm64.whl", hash = "sha256:e6ab667ba76450084eb64013762c438ea76d9d29cc676dcd6c2e9892ba37f841", size = 5568580, upload-time = "2026-09-06T16:26:09.828Z" },
    { url = "https://files.pythonhosted.org/packages/23/fb/c72a8f25d4b6e96c354e7ab45ace3b27dc11e5d6a13b6c7d0cd6b08bf112/numpy-2.5.3-cp314-cp314t-macosx_14_0_x86_64.whl", hash = "sha256:f7fabeb6cea87d65f3b926de33d03fb016cfdc29314c90974383b5582ae72891", size = 6882634, upload-time = "2026-09-06T16:26:12.524Z" },
    { url = "https://files.pythonhosted.org/packages/07/a9/968c90ed2ab15060c338e8137f1215b5a60756ae07328e0a60d1c6734df4/numpy-2.5.3-cp314-cp314t-manylinux_2_27_aarch64.manylinux_2_28_aarch64.whl", hash = "sha256:1fb6f8fb9ff0b3a69f52c66ce397b0246583e9f28616231b0e32ca49259a5fa6", size = 15748923, upload-time = "2026-09-06T16:26:15.092Z" },
    { url = "https://files.pythonhosted.org/packages/59/08/9df04103947b95e3b6b1f2ed1a70521f325647a31b82da6a2aae3a485508/numpy-2.5.3-cp314-cp314t-manylinux_2_27_x86_64.manylinux_2_28_x86_64.whl", hash = "sha256:93e1f5447e2b1e479d7bd74701e84746b86450cff1fc368b132d195e2b8f8211", size = 16746748, upload-time = "2026-09-06T16:26:18.43Z" },
    { url = "https://files.pythonhosted.org/packages/41/a0/14c8d5fe5b53a334aabb653deb391c0fef49558f491880ea300ed6785224/numpy-2.5.3-cp314-cp314t-musllinux_1_2_aarch64.whl", hash = "sha256:c00abe94c1a69d75d827dcf1c025b25c8a45d230b3bcd77a9020883a1b047653", size = 17111561, upload-time = "2026-09-06T16:26:22.113Z" },
    { url = "https://files.pythonhosted.org/packages/c4/a6/d7e96e42f01522e154c32489640f16dfc4f6181d165d05fc3bec8c2c4999/numpy-2.5.3-cp314-cp314t-musllinux_1_2_x86_64.whl", hash = "sha256:536f963710a4e63934d80ac0dc4f478804a83e9a84b6828018f25d09953ada33", size = 18513945, upload-time = "2026-09-06T16:26:25.401Z" },
    { url = "https://files.pythonhosted.org/packages/25/39/3453afb7119d0449ef11c886874120ff180e2c337760e0e2d88f70f1a945/numpy-2.5.3-cp314-cp314t-win32.whl", hash = "sha256:4c8a6d2ebce6305fd82fbefca827775437147052a976ee7c94b36a0c1b52ac6c", size = 6335421, upload-time = "2026-09-06T16:26:28.175Z" },
    { url = "https://files.pythonhosted.org/packages/99/01/22815d2b19a1a746b1d45205cffebb3fe511a18acb75fba6c88491fc9894/numpy-2.5.3-cp314-cp314t-win_amd64.whl", hash = "sha256:9a37475425b431b4d060f23b4f52cd2f3aef6bc7c654bd760adf0040eec9d435", size = 12896420, upload-time = "2026-09-06T16:26:31.265Z" },
    { url = "https://files.pythonhosted.org/packages/fa/ee/a7cbba67eeaff038dc29ca8b98a88396c8b0cc9c89d4924f4a27a5c9150b/numpy-2.5.3-cp314-cp314t-win_arm64.whl", hash = "sha256:2d8240cb4c16fd831074aa2b2cf9fc54664d826341d61c372245b96a74a49a9a", size = 10857177, upload-time = "2026-09-06T16:26:34.167Z" },
]

[[package]]
name = "nvidia-cuda-nvdisasm"
version = "13.4.92"
source = { registry = "https://pypi.org/simple" }
wheels = [
    { url = "https://files.pythonhosted.org/packages/5d/88/2382bc8b0200cd5a39e4ccc4d3930310c4699ac24bf91761ba780c00bb85/nvidia_cuda_nvdisasm-13.4.92-py3-none-manylinux2014_aarch64.manylinux_2_17_aarch64.whl", hash = "sha256:b007c08c8248b29281ed9a174b478d557b58ea8a921ab78369a2843f0718f77d", size = 5163390, upload-time = "2026-09-16T20:38:33.02Z" },
    { url = "https://files.pythonhosted.org/packages/59/ea/b83b98288fd3d37b16c0da8846987d9c8719e9ff49ab974c1988d9e63f5a/nvidia_cuda_nvdisasm-13.4.92-py3-none-manylinux2014_x86_64.manylinux_2_17_x86_64.whl", hash = "sha256:f35a5b6ddb64b6758c22c0b078c5b6ff6d54f7c240cd74bf131ab5bf13b6c3fe", size = 5203296, upload-time = "2026-09-16T20:38:39.558Z" },
    { url = "https://files.pythonhosted.org/packages/bf/73/acabcf7b9ac28e9bcd8326ae72f958f5ec05e32fb8683263868e1990bedf/nvidia_cuda_nvdisasm-13.4.92-py3-none-win_amd64.whl", hash = "sha256:600c43bde6b323be4d950e33a248aa97ff9cdea28a4b7dae083680f092bdd230", size = 5470680, upload-time = "2026-09-16T20:53:29.634Z" },
    { url = "https://files.pythonhosted.org/packages/25/26/2edceaba240f549c7a4d5acc3ccde21085fd76913abc854aa68825c98e52/nvidia_cuda_nvdisasm-13.4.92-py3-none-win_arm64.whl", hash = "sha256:624a3406572a983079edce35284cc5b6b1a3f23b02a62057b49a79be33d76252", size = 5422156, upload-time = "2026-09-16T20:57:06.408Z" },
]

[[package]]
name = "nvidia-cutlass-dsl"
version = "4.6.2"
source = { registry = "https://pypi.org/simple" }
dependencies = [
    { name = "nvidia-cutlass-dsl-libs-base" },
    { name = "nvidia-cutlass-dsl-libs-cu12" },
]
wheels = [
    { url = "https://files.pythonhosted.org/packages/b2/ec/14e6ecbfed31ec35bbd1bb6965ae61f879370906a8f9c2e851e292704ba4/nvidia_cutlass_dsl-4.6.2-py3-none-any.whl", hash = "sha256:06ac62deb182a852dfb053032cf945bf02b9aa1bf502a18b129d280d7babb26c", size = 10460, upload-time = "2026-08-05T14:39:41.657Z" },
]

[package.optional-dependencies]
cu13 = [
    { name = "nvidia-cutlass-dsl-libs-cu13" },
]

[[package]]
name = "nvidia-cutlass-dsl-libs-base"
version = "4.6.2"
source = { registry = "https://pypi.org/simple" }
dependencies = [
    { name = "cuda-python" },
    { name = "numpy" },
    { name = "nvidia-cuda-nvdisasm" },
    { name = "nvidia-cutlass-dsl-libs-core" },
    { name = "protobuf" },
    { name = "typing-extensions" },
]
wheels = [
    { url = "https://files.pythonhosted.org/packages/47/9d/627165c9044426610176c4966ca8fd0fb9856684db918e725f6561872f8a/nvidia_cutlass_dsl_libs_base-4.6.2-cp314-cp314-manylinux_2_28_aarch64.whl", hash = "sha256:f35403515f5ba5bc69924f9faf0206af4bde3ebef9117d5f696529102cf4dbf7", size = 3321977, upload-time = "2026-08-05T14:14:01.683Z" },
    { url = "https://files.pythonhosted.org/packages/a8/b8/50b0fedea6db2a522f299652d6187b74de1beb74f201a1533c29cec9fb67/nvidia_cutlass_dsl_libs_base-4.6.2-cp314-cp314-manylinux_2_28_x86_64.whl", hash = "sha256:17a0165624144a2e6962d6e2322cd9008050326808b89a649877450e732403e4", size = 2825099, upload-time = "2026-08-05T14:14:22.171Z" },
    { url = "https://files.pythonhosted.org/packages/d9/91/a904783c7032da5c56a1e24f5daba5407018a356668798a71dbd69fc726a/nvidia_cutlass_dsl_libs_base-4.6.2-cp314-cp314t-manylinux_2_28_aarch64.whl", hash = "sha256:77266dc557bc2575244a19b1c43fc971252cf152b198cd872553c2734e6a4e44", size = 3330162, upload-time = "2026-08-05T14:14:57.698Z" },
    { url = "https://files.pythonhosted.org/packages/4b/bf/ce685d267cab2728ccacf7d47c8a52ab600fab6d67865d5be7e1e971bb8e/nvidia_cutlass_dsl_libs_base-4.6.2-cp314-cp314t-manylinux_2_28_x86_64.whl", hash = "sha256:b8fd31f484d6231ea11c29cee2aebeaa86e738e78684d09dc1d34be08069038a", size = 2837750, upload-time = "2026-08-05T14:15:23.647Z" },
]

[[package]]
name = "nvidia-cutlass-dsl-libs-core"
version = "4.6.2"
source = { registry = "https://pypi.org/simple" }
dependencies = [
    { name = "cuda-python" },
    { name = "numpy" },
    { name = "nvidia-cuda-nvdisasm" },
    { name = "protobuf" },
    { name = "typing-extensions" },
]
wheels = [
    { url = "https://files.pythonhosted.org/packages/7c/ef/10c0089234a32f1379e1f213f28f8c7521a9ff0154e3acc58f613d5ef3be/nvidia_cutlass_dsl_libs_core-4.6.2-py3-none-any.whl", hash = "sha256:571d4b46fca1bfbb123d0dc348eaa7fd80af0014ddffc07b849e8195b2364333", size = 772393, upload-time = "2026-08-05T14:09:50.76Z" },
]

[[package]]
name = "nvidia-cutlass-dsl-libs-cu12"
version = "4.6.2"
source = { registry = "https://pypi.org/simple" }
dependencies = [
    { name = "cuda-python" },
    { name = "numpy" },
    { name = "nvidia-cuda-nvdisasm" },
    { name = "nvidia-cutlass-dsl-libs-base" },
    { name = "protobuf" },
    { name = "typing-extensions" },
]
wheels = [
    { url = "https://files.pythonhosted.org/packages/c8/7e/e0f29110f85c129caf2ccf01f0d49e473e6d66c2a220f904870f6093d570/nvidia_cutlass_dsl_libs_cu12-4.6.2-cp314-cp314-manylinux_2_28_aarch64.whl", hash = "sha256:37f5d1a7eb8a00a6e303c9ed265ef2586075af49deb9e51865c38275fa1db802", size = 87012154, upload-time = "2026-08-05T14:23:09.963Z" },
    { url = "https://files.pythonhosted.org/packages/16/87/d8af4c8972baaa3b80cbb633fede58f4c8b0d35c8724f1cfa01027103bdb/nvidia_cutlass_dsl_libs_cu12-4.6.2-cp314-cp314-manylinux_2_28_x86_64.whl", hash = "sha256:0dcb6dd53de145e2b1dde5b2d91a5c30145c97dac9eb18281209703ca9e00a5e", size = 88454125, upload-time = "2026-08-05T14:23:44.62Z" },
    { url = "https://files.pythonhosted.org/packages/26/d6/99ed69f57bde2ee6c1b0c1fd5440944b4ce80476d8799dd7212ea2d175dd/nvidia_cutlass_dsl_libs_cu12-4.6.2-cp314-cp314t-manylinux_2_28_aarch64.whl", hash = "sha256:38f33d937dd375ee2fef7c802326a18e40bb9083669bb9d1d76462c778e72011", size = 87019480, upload-time = "2026-08-05T14:24:05.561Z" },
    { url = "https://files.pythonhosted.org/packages/46/f8/6b40afd27c89a7cf737c59393a4e9dd49da918ca8eab437f65a19cb3f912/nvidia_cutlass_dsl_libs_cu12-4.6.2-cp314-cp314t-manylinux_2_28_x86_64.whl", hash = "sha256:06d8b367aec0ea1a8bca710b92d26df48a2378b16439b46ea8492938454b326a", size = 88464112, upload-time = "2026-08-05T14:24:28.062Z" },
]

[[package]]
name = "nvidia-cutlass-dsl-libs-cu13"
version = "4.6.2"
source = { registry = "https://pypi.org/simple" }
dependencies = [
    { name = "cuda-python" },
    { name = "numpy" },
    { name = "nvidia-cuda-nvdisasm" },
    { name = "nvidia-cutlass-dsl-libs-base" },
    { name = "protobuf" },
    { name = "typing-extensions" },
]
wheels = [
    { url = "https://files.pythonhosted.org/packages/f5/7e/e359e1e194891eba70c20de53a5046bfa2838cd8ea15f824ad4492d74ec1/nvidia_cutlass_dsl_libs_cu13-4.6.2-cp314-cp314-manylinux_2_28_aarch64.whl", hash = "sha256:3a9b038b3c25445909a6dd334eaf7e3a113a73739feaf30ebaf1745e5ac0ede3", size = 86713426, upload-time = "2026-08-05T14:32:22.576Z" },
    { url = "https://files.pythonhosted.org/packages/ac/32/361e688007812ecc97cf4268204899a5e0a53340a26e2ab3319056c110ef/nvidia_cutlass_dsl_libs_cu13-4.6.2-cp314-cp314-manylinux_2_28_x86_64.whl", hash = "sha256:08527435cd555b29044eebf194c51ec973cf0524153e800af020e03d02fdefbd", size = 88036344, upload-time = "2026-08-05T14:32:51.177Z" },
    { url = "https://files.pythonhosted.org/packages/6c/e4/cce5858e72cae8b25addcfa4474d15ad158025e5c52e145b405430a7b4d1/nvidia_cutlass_dsl_libs_cu13-4.6.2-cp314-cp314t-manylinux_2_28_aarch64.whl", hash = "sha256:b5ec2766b88245ec9ea4d84555b1b9b4c948b9300363fead450a1a1515efbfdf", size = 86722935, upload-time = "2026-08-05T14:37:36.528Z" },
    { url = "https://files.pythonhosted.org/packages/76/ab/b7238f3facfbb070776ff1f8666ede0ad1bdcba22e54e5ac4c816d0fe176/nvidia_cutlass_dsl_libs_cu13-4.6.2-cp314-cp314t-manylinux_2_28_x86_64.whl", hash = "sha256:b56df8f0565e89025934540038e608298df150c399acccc806c772229b829ace", size = 88048693, upload-time = "2026-08-05T14:38:26.684Z" },
]

[[package]]
name = "packaging"
version = "26.3"
source = { registry = "https://pypi.org/simple" }
sdist = { url = "https://files.pythonhosted.org/packages/7d/fa/3944b40b07da9ce895c0e6303a5ab7d53da063554f534556b134a54d6093/packaging-26.3.tar.gz", hash = "sha256:94edc256424af38762eb31306eed28beb9f0efc50a8837492c9d6fd6004aed79", size = 313412, upload-time = "2026-08-04T18:15:28.737Z" }
wheels = [
    { url = "https://files.pythonhosted.org/packages/63/34/ba1c580383c9eada3711951fef0795c80b829a078d72188184bcab9dd527/packaging-26.3-py3-none-any.whl", hash = "sha256:d7193f7c8e4e93f444fde0262bf90af30e16fa0ad0ad44cb553c87339b23cd1c", size = 129956, upload-time = "2026-08-04T18:15:27.159Z" },
]

[[package]]
name = "pluggy"
version = "1.6.0"
source = { registry = "https://pypi.org/simple" }
sdist = { url = "https://files.pythonhosted.org/packages/f9/e2/3e91f31a7d2b083fe6ef3fa267035b518369d9511ffab804f839851d2779/pluggy-1.6.0.tar.gz", hash = "sha256:7dcc130b76258d33b90f61b658791dede3486c3e6bfb003ee5c9bfb396dd22f3", size = 69412, upload-time = "2025-05-15T12:30:07.975Z" }
wheels = [
    { url = "https://files.pythonhosted.org/packages/54/20/4d324d65cc6d9205fabedc306948156824eb9f0ee1633355a8f7ec5c66bf/pluggy-1.6.0-py3-none-any.whl", hash = "sha256:e920276dd6813095e9377c0bc5566d94c932c33b27a3e3945d8389c374dd4746", size = 20538, upload-time = "2025-05-15T12:30:06.134Z" },
]

[[package]]
name = "protobuf"
version = "6.33.6"
source = { registry = "https://pypi.org/simple" }
sdist = { url = "https://files.pythonhosted.org/packages/66/70/e908e9c5e52ef7c3a6c7902c9dfbb34c7e29c25d2f81ade3856445fd5c94/protobuf-6.33.6.tar.gz", hash = "sha256:a6768d25248312c297558af96a9f9c929e8c4cee0659cb07e780731095f38135", size = 444531, upload-time = "2026-03-18T19:05:00.988Z" }
wheels = [
    { url = "https://files.pythonhosted.org/packages/fc/9f/2f509339e89cfa6f6a4c4ff50438db9ca488dec341f7e454adad60150b00/protobuf-6.33.6-cp310-abi3-win32.whl", hash = "sha256:7d29d9b65f8afef196f8334e80d6bc1d5d4adedb449971fefd3723824e6e77d3", size = 425739, upload-time = "2026-03-18T19:04:48.373Z" },
    { url = "https://files.pythonhosted.org/packages/76/5d/683efcd4798e0030c1bab27374fd13a89f7c2515fb1f3123efdfaa5eab57/protobuf-6.33.6-cp310-abi3-win_amd64.whl", hash = "sha256:0cd27b587afca21b7cfa59a74dcbd48a50f0a6400cfb59391340ad729d91d326", size = 437089, upload-time = "2026-03-18T19:04:50.381Z" },
    { url = "https://files.pythonhosted.org/packages/5c/01/a3c3ed5cd186f39e7880f8303cc51385a198a81469d53d0fdecf1f64d929/protobuf-6.33.6-cp39-abi3-macosx_10_9_universal2.whl", hash = "sha256:9720e6961b251bde64edfdab7d500725a2af5280f3f4c87e57c0208376aa8c3a", size = 427737, upload-time = "2026-03-18T19:04:51.866Z" },
    { url = "https://files.pythonhosted.org/packages/ee/90/b3c01fdec7d2f627b3a6884243ba328c1217ed2d978def5c12dc50d328a3/protobuf-6.33.6-cp39-abi3-manylinux2014_aarch64.whl", hash = "sha256:e2afbae9b8e1825e3529f88d514754e094278bb95eadc0e199751cdd9a2e82a2", size = 324610, upload-time = "2026-03-18T19:04:53.096Z" },
    { url = "https://files.pythonhosted.org/packages/9b/ca/25afc144934014700c52e05103c2421997482d561f3101ff352e1292fb81/protobuf-6.33.6-cp39-abi3-manylinux2014_s390x.whl", hash = "sha256:c96c37eec15086b79762ed265d59ab204dabc53056e3443e702d2681f4b39ce3", size = 339381, upload-time = "2026-03-18T19:04:54.616Z" },
    { url = "https://files.pythonhosted.org/packages/16/92/d1e32e3e0d894fe00b15ce28ad4944ab692713f2e7f0a99787405e43533a/protobuf-6.33.6-cp39-abi3-manylinux2014_x86_64.whl", hash = "sha256:e9db7e292e0ab79dd108d7f1a94fe31601ce1ee3f7b79e0692043423020b0593", size = 323436, upload-time = "2026-03-18T19:04:55.768Z" },
    { url = "https://files.pythonhosted.org/packages/c4/72/02445137af02769918a93807b2b7890047c32bfb9f90371cbc12688819eb/protobuf-6.33.6-py3-none-any.whl", hash = "sha256:77179e006c476e69bf8e8ce866640091ec42e1beb80b213c3900006ecfba6901", size = 170656, upload-time = "2026-03-18T19:04:59.826Z" },
]

[[package]]
name = "pygments"
version = "2.21.0"
source = { registry = "https://pypi.org/simple" }
sdist = { url = "https://files.pythonhosted.org/packages/49/2e/ced460408999b33da6b31b0021b0f37d329e202d4169aeb164493778f25b/pygments-2.21.0.tar.gz", hash = "sha256:610ca751c9bc2492b38eb9a38a7fbc93edbbb2d7182edaf34e66ae493dee5c8c", size = 5005329, upload-time = "2026-08-17T08:02:48.824Z" }
wheels = [
    { url = "https://files.pythonhosted.org/packages/71/46/17f022dd3e953bf20a04a028a21ec746d942f8d2af30fa0f124fa0e6a684/pygments-2.21.0-py3-none-any.whl", hash = "sha256:2363c69b61c4a97c838da3b130dcd6468f4848992b21a82f2a63ec34377137d9", size = 1250147, upload-time = "2026-08-17T08:02:44.912Z" },
]

[[package]]
name = "pytest"
version = "9.1.1"
source = { registry = "https://pypi.org/simple" }
dependencies = [
    { name = "colorama", marker = "sys_platform == 'win32'" },
    { name = "iniconfig" },
    { name = "packaging" },
    { name = "pluggy" },
    { name = "pygments" },
]
sdist = { url = "https://files.pythonhosted.org/packages/e4/47/b9efed96c114afcfa3c9d3fe98a76a1d14c74a9e266d397cf6eb64be5e01/pytest-9.1.1.tar.gz", hash = "sha256:1088fbde8f2b49d95a549a195707afa7a76a3ce9bcadc26b6d71f0ffda5fe313", size = 1636369, upload-time = "2026-06-19T10:58:32.857Z" }
wheels = [
    { url = "https://files.pythonhosted.org/packages/24/25/1de2678b631f5a49215c6c96fff41ba892b0a34df68d6d80292b1b48aa7f/pytest-9.1.1-py3-none-any.whl", hash = "sha256:37a86b45efb9a47a61a36449063e8e18d0cab3161329fc099eb21783169c4f0c", size = 386536, upload-time = "2026-06-19T10:58:31.347Z" },
]

[[package]]
name = "pytest-asyncio"
version = "1.4.0"
source = { registry = "https://pypi.org/simple" }
dependencies = [
    { name = "pytest" },
]
sdist = { url = "https://files.pythonhosted.org/packages/43/7c/d36d04db312ecf4298932ef77e6e4a9e8ad017906e24e34f0b0c361a2473/pytest_asyncio-1.4.0.tar.gz", hash = "sha256:c6c0d2259945122819f171a32ecea2c349ead889ee28176caaf492143424be42", size = 58514, upload-time = "2026-05-26T09:56:04.083Z" }
wheels = [
    { url = "https://files.pythonhosted.org/packages/03/e2/08a497ef684b88559c9cc5f4ad53a37e7b99e727094a86d6ea32536d5d3c/pytest_asyncio-1.4.0-py3-none-any.whl", hash = "sha256:933ca923a23075a87fb7070c0ec272a6848489824d887c85c812670932835aa1", size = 16930, upload-time = "2026-05-26T09:56:02.576Z" },
]

[[package]]
name = "ruff"
version = "0.16.6"
source = { registry = "https://pypi.org/simple" }
sdist = { url = "https://files.pythonhosted.org/packages/a4/7c/6adb35d70e7c027e308274557901c7e00fb3407750faf3620c184ae058cb/ruff-0.16.6.tar.gz", hash = "sha256:dcf8a73d2ff77e99dde91244b4da16feba7f14e6beeb4015dee7c5a909e99050", size = 4921251, upload-time = "2026-09-03T16:57:29.037Z" }
wheels = [
    { url = "https://files.pythonhosted.org/packages/a4/28/9cc1b79639e284ec103f43c88c644db4eb58cbd0ea1ca11f1193435369ac/ruff-0.16.6-py3-none-linux_armv6l.whl", hash = "sha256:61c368c26bf8e973e5ab14a2772de587bc068ea3f9a277f673380749b4898fb8", size = 10015638, upload-time = "2026-09-03T16:56:40.986Z" },
    { url = "https://files.pythonhosted.org/packages/71/11/627d342ef727ea7794edf74fe23d60a074b02c3acc2e9436684e782286ca/ruff-0.16.6-py3-none-macosx_10_12_x86_64.whl", hash = "sha256:ecf4f068e2e123e43a26e9db4e19524cc56563912404e83bbfca375757e45a32", size = 10220762, upload-time = "2026-09-03T16:56:44.681Z" },
    { url = "https://files.pythonhosted.org/packages/43/d9/b75668ce41e4c8d073d18d6d08672ba6906ce45d5c06ea4fdb2e84ce3853/ruff-0.16.6-py3-none-macosx_11_0_arm64.whl", hash = "sha256:99b62ea33baf130f50368798d841f0d95527b6d817bf31817b65dd058f1d314c", size = 9835082, upload-time = "2026-09-03T16:56:47.142Z" },
    { url = "https://files.pythonhosted.org/packages/99/97/123ab10b05cde889c107c20f5a9774955104b5552796a2a8584b089ae8eb/ruff-0.16.6-py3-none-manylinux_2_17_aarch64.manylinux2014_aarch64.whl", hash = "sha256:7fbf89013f2bb3f6835a6038ff658dc8a1b38c98dc8e724b964168ad4e881876", size = 9949304, upload-time = "2026-09-03T16:56:49.813Z" },
    { url = "https://files.pythonhosted.org/packages/3e/58/a4a2c59dd2e5b85929c912d9cac3056eb9ee8c7e75e9b9fe3e109174966b/ruff-0.16.6-py3-none-manylinux_2_17_armv7l.manylinux2014_armv7l.whl", hash = "sha256:56a67065e22efa6bc4d498299d3bb06c0c90aace8fac2068b5a12f9dc4d8d51d", size = 9840612, upload-time = "2026-09-03T16:56:52.368Z" },
    { url = "https://files.pythonhosted.org/packages/61/6a/ff8c8626a786c4f49d48ced4a752dadbca65f5263005f9c2416578194694/ruff-0.16.6-py3-none-manylinux_2_17_i686.manylinux2014_i686.whl", hash = "sha256:e25cc89174874b176a157e4428d66761c2c0c006654419bf384f967f361ff1b1", size = 10543465, upload-time = "2026-09-03T16:56:55.089Z" },
    { url = "https://files.pythonhosted.org/packages/ad/bb/c47535923365f337b82e28192e4e9eef2176511007cfd99a62fc22df5dad/ruff-0.16.6-py3-none-manylinux_2_17_ppc64le.manylinux2014_ppc64le.whl", hash = "sha256:0700580ed5303723cb3c11c2f1d2a8913ce77b7ea86646dddb887f5417a9ba70", size = 11267576, upload-time = "2026-09-03T16:56:57.791Z" },
    { url = "https://files.pythonhosted.org/packages/ba/50/e5119a5212b5cd63b51e1f4b25e7bd636a6668fc069a3160b108ad7e3c16/ruff-0.16.6-py3-none-manylinux_2_17_s390x.manylinux2014_s390x.whl", hash = "sha256:15f1d0b6e165a6e56567befb6629f8209271311d990bae0f37e6d065035ef5f3", size = 10781993, upload-time = "2026-09-03T16:57:00.666Z" },
    { url = "https://files.pythonhosted.org/packages/8b/98/083d8b4ef3c51a0d19db84367791cbe9f44e4b53343d19dfa83556e1cd9a/ruff-0.16.6-py3-none-manylinux_2_17_x86_64.manylinux2014_x86_64.whl", hash = "sha256:d72c591a96986ee4268860e2b7235082129ca5e4cb9cbba653a4b57c11893757", size = 10317748, upload-time = "2026-09-03T16:57:03.428Z" },
    { url = "https://files.pythonhosted.org/packages/9a/29/68f7ff2c5ad95f19f00627ac2de95644e25fe47371ea60b2db1fd952315e/ruff-0.16.6-py3-none-manylinux_2_31_riscv64.whl", hash = "sha256:65a006baa18f33324325814c864daef03541d51564b98c517610ea756ab7003e", size = 10540096, upload-time = "2026-09-03T16:57:06.182Z" },
    { url = "https://files.pythonhosted.org/packages/c4/f9/79a8f6de85968641d68a7863aeec577551924ef066a990a48ff93167beab/ruff-0.16.6-py3-none-musllinux_1_2_aarch64.whl", hash = "sha256:cd02a7bf1a21a8735228a3e8c95a9dc5cf86bd2a52194f4aaae2a5755b4de0f4", size = 10100494, upload-time = "2026-09-03T16:57:09.194Z" },
    { url = "https://files.pythonhosted.org/packages/d9/e8/b81a22d9b90c00b892ccf2fa2ac36fa95de4c13ab85aea3e73795cfe4651/ruff-0.16.6-py3-none-musllinux_1_2_armv7l.whl", hash = "sha256:31b36f1e5ad85e0737f09d2be4e512e2e283583c14015da3b9dc07359ac0fc88", size = 9843663, upload-time = "2026-09-03T16:57:12.168Z" },
    { url = "https://files.pythonhosted.org/packages/39/aa/54f516ec5e5a11c4afdceb1c454ebb054ffb96e4f4a1705580b4346abd35/ruff-0.16.6-py3-none-musllinux_1_2_i686.whl", hash = "sha256:61029b4ab4aa723fd3064fab96b1d814492596bf0c792679fffcbde1e1679953", size = 10282461, upload-time = "2026-09-03T16:57:15.077Z" },
    { url = "https://files.pythonhosted.org/packages/52/0b/38d0aa8aa32372b96dc44f97b22e576c4147808271aab7b2cb1e353d4445/ruff-0.16.6-py3-none-musllinux_1_2_x86_64.whl", hash = "sha256:9ac8998457832c2061709d900856b7ad271dace0cb41f346588d540162bfa718", size = 10728808, upload-time = "2026-09-03T16:57:17.797Z" },
    { url = "https://files.pythonhosted.org/packages/5e/e5/9e274e24eeb027640ffc7442f21239f16d17f47acec15ae34f32e03a5c79/ruff-0.16.6-py3-none-win32.whl", hash = "sha256:0b87d9d16fcb63e8018423ca1d50b7260f15cb2da33e30db4baad4183a948c25", size = 10049212, upload-time = "2026-09-03T16:57:20.55Z" },
    { url = "https://files.pythonhosted.org/packages/22/31/72472449414223ed1a2da236b992adbb1a2ae59e34794574810f60ce068e/ruff-0.16.6-py3-none-win_amd64.whl", hash = "sha256:10d21c51c3495d8eaea7b703a16592117ea6eb1d649e36335aa965ff1173eb39", size = 10556402, upload-time = "2026-09-03T16:57:23.501Z" },
    { url = "https://files.pythonhosted.org/packages/fc/07/d781f8f8e1ac24bef9f3269cf62ffb1407ca24c3a8f12e5e22874f90528c/ruff-0.16.6-py3-none-win_arm64.whl", hash = "sha256:7a976c79b958f94e50a022a19f0f8c87387448020935ec14fc74331bd0a7f2c5", size = 10412850, upload-time = "2026-09-03T16:57:26.416Z" },
]

[[package]]
name = "triton"
version = "3.8.0"
source = { registry = "https://pypi.org/simple" }
wheels = [
    { url = "https://files.pythonhosted.org/packages/b8/59/bf0e9493118bb353ab59a5d6a65db3618d9b314417cc1459f0121e0ec5c9/triton-3.8.0-cp314-cp314-manylinux_2_27_aarch64.manylinux_2_28_aarch64.whl", hash = "sha256:1f6b48d0591929a3867973acac3dccd4e058585f91bfb41022de496c9ffab304", size = 226488654, upload-time = "2026-08-28T16:08:47.141Z" },
    { url = "https://files.pythonhosted.org/packages/93/d9/08c75f3459f19ad00425b564058e40efa4bcd79b816064cf27499303ea42/triton-3.8.0-cp314-cp314-manylinux_2_27_x86_64.manylinux_2_28_x86_64.whl", hash = "sha256:387dae4cb0089a7b6ba1a428ae0782b65c4c58f57d94617cb22ca8593d8ccbca", size = 247972313, upload-time = "2026-08-28T15:56:14.007Z" },
    { url = "https://files.pythonhosted.org/packages/7c/34/429c5592181cfb7361a0a8e0bff218e7224b726709d75da2472b3e819f70/triton-3.8.0-cp314-cp314t-manylinux_2_27_aarch64.manylinux_2_28_aarch64.whl", hash = "sha256:1b84e7d512490ba529111260fa6f7cad8b254a6bb5fbdf41d5ef9a5e57f52d0a", size = 226591133, upload-time = "2026-08-28T16:09:02.271Z" },
    { url = "https://files.pythonhosted.org/packages/fe/d1/aa8a3e935c37efee7945984fdb64d7e0851bf6d920afd97b2d21f9d23360/triton-3.8.0-cp314-cp314t-manylinux_2_27_x86_64.manylinux_2_28_x86_64.whl", hash = "sha256:74217bb56ed8692759227758e4c4b3bd2d608a209c1a7a081bf361fb4c2c1bf9", size = 248077577, upload-time = "2026-08-28T15:56:24.94Z" },
]

[[package]]
name = "ty"
version = "0.0.80"
source = { registry = "https://pypi.org/simple" }
sdist = { url = "https://files.pythonhosted.org/packages/54/b0/6d1b10e0d422736a3c439e487c950ae785f401d71ff879d5be68bccb6d90/ty-0.0.80.tar.gz", hash = "sha256:fe86bc91327e45ff5e3593b7e306e7f57a44bc0608f38d647b8d97bd99c96013", size = 7183998, upload-time = "2026-09-09T21:18:47.547Z" }
wheels = [
    { url = "https://files.pythonhosted.org/packages/29/c8/3c93195eca282936ebb574d0ba98843e4b147ee324006f88464777012a92/ty-0.0.80-py3-none-linux_armv6l.whl", hash = "sha256:738d1cfca466c577aea24547c348629c00c63548cf7da2c46b497b3840f85dee", size = 13606509, upload-time = "2026-09-09T21:18:10.476Z" },
    { url = "https://files.pythonhosted.org/packages/e7/48/bbb47f7001c97262a5109bcd92a45bcc8a2fbb21e994c214a9897630bfb7/ty-0.0.80-py3-none-macosx_10_12_x86_64.whl", hash = "sha256:56060164bb8ee43770fa367524fbdba2611fc90f8923a02cc91f80eb37d5a1b0", size = 13203812, upload-time = "2026-09-09T21:18:12.796Z" },
    { url = "https://files.pythonhosted.org/packages/db/8d/fd141160567047b742e466be8ed09a4c4ed80fa045d37f946eb4f4532fee/ty-0.0.80-py3-none-macosx_11_0_arm64.whl", hash = "sha256:da4062e0fbf3923d9b71688157c5753394f243348f00732e9edbb27498397169", size = 13021896, upload-time = "2026-09-09T21:18:15.186Z" },
    { url = "https://files.pythonhosted.org/packages/1e/10/b4177faf9e71bc37bc4d08f512042269660a1ce0ec457c48f96e51fc91d7/ty-0.0.80-py3-none-manylinux_2_17_aarch64.manylinux2014_aarch64.whl", hash = "sha256:a9eb94b2659f506a3a07a9ea1415d5c18aaa1e554adc1612614d617a0ed320e1", size = 13083881, upload-time = "2026-09-09T21:18:17.616Z" },
    { url = "https://files.pythonhosted.org/packages/7f/c2/192d48b9a9acbbe030fc9a4bd73af75671a5566e731949f77e912a68ce68/ty-0.0.80-py3-none-manylinux_2_17_armv7l.manylinux2014_armv7l.whl", hash = "sha256:e2f5e39a87da48c1af1a3b3135f02be7a83a93da30b0d6a5f5d27806e7c747ce", size = 13354874, upload-time = "2026-09-09T21:18:19.744Z" },
    { url = "https://files.pythonhosted.org/packages/0a/5b/736dfd31efd98bed9dbe018ff91676e5ea83485b1e24afb635fd0247728f/ty-0.0.80-py3-none-manylinux_2_17_i686.manylinux2014_i686.whl", hash = "sha256:4e00149e7779c6b98f3ba12e10a631a861bd7ca1a42bbf064e2677ada7d2c0c2", size = 14204805, upload-time = "2026-09-09T21:18:21.999Z" },
    { url = "https://files.pythonhosted.org/packages/fd/6f/557c726cb53401998e3589bb632c963a6887a70240e0a4386024f3731c81/ty-0.0.80-py3-none-manylinux_2_17_ppc64le.manylinux2014_ppc64le.whl", hash = "sha256:a377268f359fb6e7a2cc9026a09223c764f58d020dec8e6baeaba9caba6ff829", size = 14630014, upload-time = "2026-09-09T21:18:24Z" },
    { url = "https://files.pythonhosted.org/packages/e9/19/7a4b18fe27f6b6bd4ffa56b67c8b09ecb76bb4312d1c64b73f65417b4dbd/ty-0.0.80-py3-none-manylinux_2_17_s390x.manylinux2014_s390x.whl", hash = "sha256:4511dbf1b266b9ce5b73e9b28d94468096c2b6da00e2fe205168c32d3b352ca7", size = 14326946, upload-time = "2026-09-09T21:18:26.679Z" },
    { url = "https://files.pythonhosted.org/packages/f8/95/16dd90805fc7e53ec54ae9fdb1a8b74753fb159a55a170f60f49b9417824/ty-0.0.80-py3-none-manylinux_2_17_x86_64.manylinux2014_x86_64.whl", hash = "sha256:fe95feffa7156800c6f804195acb9fb5846a39671c7192c30fff23351aaf7c31", size = 13705988, upload-time = "2026-09-09T21:18:28.681Z" },
    { url = "https://files.pythonhosted.org/packages/b1/09/4e87992c23ab8a742c7d4914ac5fe66fb9301c8464a69fd2ecbc0be3fbcd/ty-0.0.80-py3-none-manylinux_2_31_riscv64.whl", hash = "sha256:ba26b39f06bc8c3c2c5acd3a147239482b36620cdbca1b9d02e915294854f2cc", size = 14233729, upload-time = "2026-09-09T21:18:30.961Z" },
    { url = "https://files.pythonhosted.org/packages/36/e9/b8c11fda8e66a1d1cc1a7160ed719a33f4dc0107b1cef6a14e2673965763/ty-0.0.80-py3-none-musllinux_1_2_aarch64.whl", hash = "sha256:2e6167320888c115a6fbe69893b63fd1c848f9121a454e75e5f612674528e3f3", size = 13173523, upload-time = "2026-09-09T21:18:33.266Z" },
    { url = "https://files.pythonhosted.org/packages/73/a7/512083fa540c5be1ac8642658f03bfb5bfa6fd168ea4f55e3c0aabe04166/ty-0.0.80-py3-none-musllinux_1_2_armv7l.whl", hash = "sha256:7aecb62b4de70b479eab07d1779ea66da26dd8b068f50a9330867157312f103c", size = 13373014, upload-time = "2026-09-09T21:18:35.339Z" },
    { url = "https://files.pythonhosted.org/packages/5e/63/cd2f0ca81fd9b8cafef93bbcf022bf636bc4de8ee7465c6aafeec1d4d52b/ty-0.0.80-py3-none-musllinux_1_2_i686.whl", hash = "sha256:4fed06adacd16b7e2d722f37449021b1419598d0440769701c0f4827faddde63", size = 13667827, upload-time = "2026-09-09T21:18:37.241Z" },
    { url = "https://files.pythonhosted.org/packages/0d/5d/ebdfdcb2dc099ae74dc4b75511eef0dd398b2fa27006c543543974b4567f/ty-0.0.80-py3-none-musllinux_1_2_x86_64.whl", hash = "sha256:09329af6303ce611ec2cfffc995dc1ddf76c9f47194fc1a4d64a984759c25f5b", size = 13963866, upload-time = "2026-09-09T21:18:39.386Z" },
    { url = "https://files.pythonhosted.org/packages/c4/f6/c286d5e1b560cfd16d6e91fdab683718aacf09fc88938ca06dcc9d1c8502/ty-0.0.80-py3-none-win32.whl", hash = "sha256:a81b3b512f7b4c68e42fbd1835633de658809666e9aafd5defa52bbc5197698d", size = 12881806, upload-time = "2026-09-09T21:18:41.507Z" },
    { url = "https://files.pythonhosted.org/packages/fd/c8/3b3a8ac16d47a23ff34bf57c0d99a491860748aea96e0e886b4bfed54f9b/ty-0.0.80-py3-none-win_amd64.whl", hash = "sha256:8043f99878a2ae434781cb881c8a3840dff70c4a5b60bdc5ae84251f35ee063f", size = 13528883, upload-time = "2026-09-09T21:18:43.687Z" },
    { url = "https://files.pythonhosted.org/packages/2e/71/a6c697930fca76596d7d17f8853120f41a298fd9ea632c901cfca8ca869b/ty-0.0.80-py3-none-win_arm64.whl", hash = "sha256:e277ef034331da5319efc839c064968d24f35715b71c70369cf97d36fe4dcbdb", size = 13370135, upload-time = "2026-09-09T21:18:45.758Z" },
]

[[package]]
name = "typing-extensions"
version = "4.16.0"
source = { registry = "https://pypi.org/simple" }
sdist = { url = "https://files.pythonhosted.org/packages/f6/cc/6253133b5bb138fc3306cebfbda2c520f545d36b5be2c7255cc528bb45d6/typing_extensions-4.16.0.tar.gz", hash = "sha256:dc983d19a509c94dba722ee6abd33940f7c05a89e243c47e907eb4db6f1a43e5", size = 113555, upload-time = "2026-07-02T08:40:05.92Z" }
wheels = [
    { url = "https://files.pythonhosted.org/packages/49/d3/b8441a820a491ddfc024b0b0cf0393375b75ea13866d9c66727e54c2fc80/typing_extensions-4.16.0-py3-none-any.whl", hash = "sha256:481caa481374e813c1b176ada14e97f1f67a4539ce9cfeb3f350d78d6370c2e8", size = 45571, upload-time = "2026-07-02T08:40:04.659Z" },
]
